// !$*UTF8*$!
{
	archiveVersion = 1;
	classes = {
	};
	objectVersion = 77;
	objects = {

/* Begin PBXBuildFile section */
		B4748B91E8E3A7F34354BCEB /* Info.plist in Resources */ = {isa = PBXBuildFile; fileRef = 4664C98F2BF1FD2EFC1D1D45 /* Info.plist */; };
		BB896F9875D848C180DF16FF /* AppDelegate.swift in Sources */ = {isa = PBXBuildFile; fileRef = 01DEE3CA37EA623389D521E3 /* AppDelegate.swift */; };
		C286C899C69C6FA891AABBD2 /* AppIcon.icns in Resources */ = {isa = PBXBuildFile; fileRef = 60E85378EAADC29DF0D1AE4E /* AppIcon.icns */; };
		D0B3388A6F809D1AA5C9B857 /* main.swift in Sources */ = {isa = PBXBuildFile; fileRef = 1A8B1B178B17ACFFC2569A9B /* main.swift */; };
		D4066F1821D1B87F931B89AC /* HotKey in Frameworks */ = {isa = PBXBuildFile; productRef = 7621AA632C087A25E048D76E /* HotKey */; };
		FA69115554EB4AE8C87052E7 /* Assets.xcassets in Resources */ = {isa = PBXBuildFile; fileRef = E2F58ECAD90D43C895F5B660 /* Assets.xcassets */; };
/* End PBXBuildFile section */

/* Begin PBXFileReference section */
		01DEE3CA37EA623389D521E3 /* AppDelegate.swift */ = {isa = PBXFileReference; lastKnownFileType = sourcecode.swift; path = AppDelegate.swift; sourceTree = "<group>"; };
		1A37F6E0B142769A3F3A3849 /* ClipBoard.app */ = {isa = PBXFileReference; explicitFileType = wrapper.application; includeInIndex = 0; path = ClipBoard.app; sourceTree = BUILT_PRODUCTS_DIR; };
		1A8B1B178B17ACFFC2569A9B /* main.swift */ = {isa = PBXFileReference; lastKnownFileType = sourcecode.swift; path = main.swift; sourceTree = "<group>"; };
		31BA20E9EAFD8641AD167871 /* ClipBoard.entitlements */ = {isa = PBXFileReference; lastKnownFileType = text.plist.entitlements; path = ClipBoard.entitlements; sourceTree = "<group>"; };
		4664C98F2BF1FD2EFC1D1D45 /* Info.plist */ = {isa = PBXFileReference; lastKnownFileType = text.plist; path = Info.plist; sourceTree = "<group>"; };
		47D5D86CD30F2490501E4151 /* Info.plist */ = {isa = PBXFileReference; lastKnownFileType = text.plist; path = Info.plist; sourceTree = "<group>"; };
		60E85378EAADC29DF0D1AE4E /* AppIcon.icns */ = {isa = PBXFileReference; lastKnownFileType = image.icns; path = AppIcon.icns; sourceTree = "<group>"; };
		E2F58ECAD90D43C895F5B660 /* Assets.xcassets */ = {isa = PBXFileReference; lastKnownFileType = folder.assetcatalog; path = Assets.xcassets; sourceTree = "<group>"; };
/* End PBXFileReference section */

/* Begin PBXFrameworksBuildPhase section */
		CBBB225413491EDDAB9BA242 /* Frameworks */ = {
			isa = PBXFrameworksBuildPhase;
			buildActionMask = 2147483647;
			files = (
				D4066F1821D1B87F931B89AC /* HotKey in Frameworks */,
			);
			runOnlyForDeploymentPostprocessing = 0;
		};
/* End PBXFrameworksBuildPhase section */

/* Begin PBXGroup section */
		4A5601F218A9B3D2FD97FCE4 = {
			isa = PBXGroup;
			children = (
				8B282241D92BE5C716A6015F /* App */,
				C54EA36EFD72CDA3C5789720 /* Resources */,
				B15E8C01A0F1A20E179D456F /* Products */,
			);
			sourceTree = "<group>";
		};
		8B282241D92BE5C716A6015F /* App */ = {
			isa = PBXGroup;
			children = (
				01DEE3CA37EA623389D521E3 /* AppDelegate.swift */,
				31BA20E9EAFD8641AD167871 /* ClipBoard.entitlements */,
				47D5D86CD30F2490501E4151 /* Info.plist */,
				1A8B1B178B17ACFFC2569A9B /* main.swift */,
			);
			path = App;
			sourceTree = "<group>";
		};
		B15E8C01A0F1A20E179D456F /* Products */ = {
			isa = PBXGroup;
			children = (
				1A37F6E0B142769A3F3A3849 /* ClipBoard.app */,
			);
			name = Products;
			sourceTree = "<group>";
		};
		C54EA36EFD72CDA3C5789720 /* Resources */ = {
			isa = PBXGroup;
			children = (
				60E85378EAADC29DF0D1AE4E /* AppIcon.icns */,
				E2F58ECAD90D43C895F5B660 /* Assets.xcassets */,
				4664C98F2BF1FD2EFC1D1D45 /* Info.plist */,
			);
			path = Resources;
			sourceTree = "<group>";
		};
/* End PBXGroup section */

/* Begin PBXNativeTarget section */
		E56DF7B255971AAB5324FD33 /* ClipBoard */ = {
			isa = PBXNativeTarget;
			buildConfigurationList = 5FDEE032BDFB6480A199BEB8 /* Build configuration list for PBXNativeTarget "ClipBoard" */;
			buildPhases = (
				3DCFE0972610CA5FBB81D583 /* Sources */,
				6B984D5D339B8B926A71B296 /* Resources */,
				CBBB225413491EDDAB9BA242 /* Frameworks */,
			);
			buildRules = (
			);
			dependencies = (
			);
			name = ClipBoard;
			packageProductDependencies = (
				7621AA632C087A25E048D76E /* HotKey */,
			);
			productName = ClipBoard;
			productReference = 1A37F6E0B142769A3F3A3849 /* ClipBoard.app */;
			productType = "com.apple.product-type.application";
		};
/* End PBXNativeTarget section */

/* Begin PBXProject section */
		76E6F5310CE08BF7CAC2D07F /* Project object */ = {
			isa = PBXProject;
			attributes = {
				BuildIndependentTargetsInParallel = YES;
				LastUpgradeCheck = 1500;
				TargetAttributes = {
					E56DF7B255971AAB5324FD33 = {
						ProvisioningStyle = Manual;
					};
				};
			};
			buildConfigurationList = C26EA45A8E2123F09B48E91D /* Build configuration list for PBXProject "ClipBoard" */;
			developmentRegion = en;
			hasScannedForEncodings = 0;
			knownRegions = (
				Base,
				en,
			);
			mainGroup = 4A5601F218A9B3D2FD97FCE4;
			minimizedProjectReferenceProxies = 1;
			packageReferences = (
				43FAF849FAEBAB734F013DEB /* XCRemoteSwiftPackageReference "HotKey" */,
			);
			preferredProjectObjectVersion = 77;
			productRefGroup = B15E8C01A0F1A20E179D456F /* Products */;
			projectDirPath = "";
			projectRoot = "";
			targets = (
				E56DF7B255971AAB5324FD33 /* ClipBoard */,
			);
		};
/* End PBXProject section */

/* Begin PBXResourcesBuildPhase section */
		6B984D5D339B8B926A71B296 /* Resources */ = {
			isa = PBXResourcesBuildPhase;
			buildActionMask = 2147483647;
			files = (
				C286C899C69C6FA891AABBD2 /* AppIcon.icns in Resources */,
				FA69115554EB4AE8C87052E7 /* Assets.xcassets in Resources */,
				B4748B91E8E3A7F34354BCEB /* Info.plist in Resources */,
			);
			runOnlyForDeploymentPostprocessing = 0;
		};
/* End PBXResourcesBuildPhase section */

/* Begin PBXSourcesBuildPhase section */
		3DCFE0972610CA5FBB81D583 /* Sources */ = {
			isa = PBXSourcesBuildPhase;
			buildActionMask = 2147483647;
			files = (
				BB896F9875D848C180DF16FF /* AppDelegate.swift in Sources */,
				D0B3388A6F809D1AA5C9B857 /* main.swift in Sources */,
			);
			runOnlyForDeploymentPostprocessing = 0;
		};
/* End PBXSourcesBuildPhase section */

/* Begin XCBuildConfiguration section */
		04C006992AAA4955678CB866 /* Release */ = {
			isa = XCBuildConfiguration;
			buildSettings = {
				ALWAYS_SEARCH_USER_PATHS = NO;
				CLANG_ANALYZER_NONNULL = YES;
				CLANG_ANALYZER_NUMBER_OBJECT_CONVERSION = YES_AGGRESSIVE;
				CLANG_CXX_LANGUAGE_STANDARD = "gnu++14";
				CLANG_CXX_LIBRARY = "libc++";
				CLANG_ENABLE_MODULES = YES;
				CLANG_ENABLE_OBJC_ARC = YES;
				CLANG_ENABLE_OBJC_WEAK = YES;
				CLANG_WARN_BLOCK_CAPTURE_AUTORELEASING = YES;
				CLANG_WARN_BOOL_CONVERSION = YES;
				CLANG_WARN_COMMA = YES;
				CLANG_WARN_CONSTANT_CONVERSION = YES;
				CLANG_WARN_DEPRECATED_OBJC_IMPLEMENTATIONS = YES;
				CLANG_WARN_DIRECT_OBJC_ISA_USAGE = YES_ERROR;
				CLANG_WARN_DOCUMENTATION_COMMENTS = YES;
				CLANG_WARN_EMPTY_BODY = YES;
				CLANG_WARN_ENUM_CONVERSION = YES;
				CLANG_WARN_INFINITE_RECURSION = YES;
				CLANG_WARN_INT_CONVERSION = YES;
				CLANG_WARN_NON_LITERAL_NULL_CONVERSION = YES;
				CLANG_WARN_OBJC_IMPLICIT_RETAIN_SELF = YES;
				CLANG_WARN_OBJC_LITERAL_CONVERSION = YES;
				CLANG_WARN_OBJC_ROOT_CLASS = YES_ERROR;
				CLANG_WARN_QUOTED_INCLUDE_IN_FRAMEWORK_HEADER = YES;
				CLANG_WARN_RANGE_LOOP_ANALYSIS = YES;
				CLANG_WARN_STRICT_PROTOTYPES = YES;
				CLANG_WARN_SUSPICIOUS_MOVE = YES;
				CLANG_WARN_UNGUARDED_AVAILABILITY = YES_AGGRESSIVE;
				CLANG_WARN_UNREACHABLE_CODE = YES;
				CLANG_WARN__DUPLICATE_METHOD_MATCH = YES;
				CODE_SIGN_IDENTITY = "-";
				CODE_SIGN_STYLE = Manual;
				COPY_PHASE_STRIP = NO;
				CURRENT_PROJECT_VERSION = 1;
				DEBUG_INFORMATION_FORMAT = "dwarf-with-dsym";
				ENABLE_HARDENED_RUNTIME = NO;
				ENABLE_NS_ASSERTIONS = NO;
				ENABLE_STRICT_OBJC_MSGSEND = YES;
				GCC_C_LANGUAGE_STANDARD = gnu11;
				GCC_NO_COMMON_BLOCKS = YES;
				GCC_WARN_64_TO_32_BIT_CONVERSION = YES;
				GCC_WARN_ABOUT_RETURN_TYPE = YES_ERROR;
				GCC_WARN_UNDECLARED_SELECTOR = YES;
				GCC_WARN_UNINITIALIZED_AUTOS = YES_AGGRESSIVE;
				GCC_WARN_UNUSED_FUNCTION = YES;
				GCC_WARN_UNUSED_VARIABLE = YES;
				MACOSX_DEPLOYMENT_TARGET = 13.0;
				MARKETING_VERSION = 1.0.0;
				MTL_ENABLE_DEBUG_INFO = NO;
				MTL_FAST_MATH = YES;
				PRODUCT_NAME = "历史剪切板";
				SDKROOT = macosx;
				SWIFT_COMPILATION_MODE = wholemodule;
				SWIFT_OPTIMIZATION_LEVEL = "-O";
				SWIFT_VERSION = 5.9;
			};
			name = Release;
		};
		0E22925F9EAF3733E7C40195 /* Debug */ = {
			isa = XCBuildConfiguration;
			buildSettings = {
				ASSETCATALOG_COMPILER_APPICON_NAME = AppIcon;
				CODE_SIGN_ENTITLEMENTS = App/ClipBoard.entitlements;
				COMBINE_HIDPI_IMAGES = YES;
				INFOPLIST_FILE = App/Info.plist;
				LD_RUNPATH_SEARCH_PATHS = "@executable_path/../Frameworks";
				PRODUCT_BUNDLE_IDENTIFIER = com.clipboard.app;
				SDKROOT = macosx;
			};
			name = Debug;
		};
		B0272DE7EEE220E16271E453 /* Debug */ = {
			isa = XCBuildConfiguration;
			buildSettings = {
				ALWAYS_SEARCH_USER_PATHS = NO;
				CLANG_ANALYZER_NONNULL = YES;
				CLANG_ANALYZER_NUMBER_OBJECT_CONVERSION = YES_AGGRESSIVE;
				CLANG_CXX_LANGUAGE_STANDARD = "gnu++14";
				CLANG_CXX_LIBRARY = "libc++";
				CLANG_ENABLE_MODULES = YES;
				CLANG_ENABLE_OBJC_ARC = YES;
				CLANG_ENABLE_OBJC_WEAK = YES;
				CLANG_WARN_BLOCK_CAPTURE_AUTORELEASING = YES;
				CLANG_WARN_BOOL_CONVERSION = YES;
				CLANG_WARN_COMMA = YES;
				CLANG_WARN_CONSTANT_CONVERSION = YES;
				CLANG_WARN_DEPRECATED_OBJC_IMPLEMENTATIONS = YES;
				CLANG_WARN_DIRECT_OBJC_ISA_USAGE = YES_ERROR;
				CLANG_WARN_DOCUMENTATION_COMMENTS = YES;
				CLANG_WARN_EMPTY_BODY = YES;
				CLANG_WARN_ENUM_CONVERSION = YES;
				CLANG_WARN_INFINITE_RECURSION = YES;
				CLANG_WARN_INT_CONVERSION = YES;
				CLANG_WARN_NON_LITERAL_NULL_CONVERSION = YES;
				CLANG_WARN_OBJC_IMPLICIT_RETAIN_SELF = YES;
				CLANG_WARN_OBJC_LITERAL_CONVERSION = YES;
				CLANG_WARN_OBJC_ROOT_CLASS = YES_ERROR;
				CLANG_WARN_QUOTED_INCLUDE_IN_FRAMEWORK_HEADER = YES;
				CLANG_WARN_RANGE_LOOP_ANALYSIS = YES;
				CLANG_WARN_STRICT_PROTOTYPES = YES;
				CLANG_WARN_SUSPICIOUS_MOVE = YES;
				CLANG_WARN_UNGUARDED_AVAILABILITY = YES_AGGRESSIVE;
				CLANG_WARN_UNREACHABLE_CODE = YES;
				CLANG_WARN__DUPLICATE_METHOD_MATCH = YES;
				CODE_SIGN_IDENTITY = "-";
				CODE_SIGN_STYLE = Manual;
				COPY_PHASE_STRIP = NO;
				CURRENT_PROJECT_VERSION = 1;
				DEBUG_INFORMATION_FORMAT = dwarf;
				ENABLE_HARDENED_RUNTIME = NO;
				ENABLE_STRICT_OBJC_MSGSEND = YES;
				ENABLE_TESTABILITY = YES;
				GCC_C_LANGUAGE_STANDARD = gnu11;
				GCC_DYNAMIC_NO_PIC = NO;
				GCC_NO_COMMON_BLOCKS = YES;
				GCC_OPTIMIZATION_LEVEL = 0;
				GCC_PREPROCESSOR_DEFINITIONS = (
					"$(inherited)",
					"DEBUG=1",
				);
				GCC_WARN_64_TO_32_BIT_CONVERSION = YES;
				GCC_WARN_ABOUT_RETURN_TYPE = YES_ERROR;
				GCC_WARN_UNDECLARED_SELECTOR = YES;
				GCC_WARN_UNINITIALIZED_AUTOS = YES_AGGRESSIVE;
				GCC_WARN_UNUSED_FUNCTION = YES;
				GCC_WARN_UNUSED_VARIABLE = YES;
				MACOSX_DEPLOYMENT_TARGET = 13.0;
				MARKETING_VERSION = 1.0.0;
				MTL_ENABLE_DEBUG_INFO = INCLUDE_SOURCE;
				MTL_FAST_MATH = YES;
				ONLY_ACTIVE_ARCH = YES;
				PRODUCT_NAME = "历史剪切板";
				SDKROOT = macosx;
				SWIFT_ACTIVE_COMPILATION_CONDITIONS = DEBUG;
				SWIFT_OPTIMIZATION_LEVEL = "-Onone";
				SWIFT_VERSION = 5.9;
			};
			name = Debug;
		};
		F674E394DC7AEC60F065BB2F /* Release */ = {
			isa = XCBuildConfiguration;
			buildSettings = {
				ASSETCATALOG_COMPILER_APPICON_NAME = AppIcon;
				CODE_SIGN_ENTITLEMENTS = App/ClipBoard.entitlements;
				COMBINE_HIDPI_IMAGES = YES;
				INFOPLIST_FILE = App/Info.plist;
				LD_RUNPATH_SEARCH_PATHS = "@executable_path/../Frameworks";
				PRODUCT_BUNDLE_IDENTIFIER = com.clipboard.app;
				SDKROOT = macosx;
			};
			name = Release;
		};
/* End XCBuildConfiguration section */

/* Begin XCConfigurationList section */
		5FDEE032BDFB6480A199BEB8 /* Build configuration list for PBXNativeTarget "ClipBoard" */ = {
			isa = XCConfigurationList;
			buildConfigurations = (
				0E22925F9EAF3733E7C40195 /* Debug */,
				F674E394DC7AEC60F065BB2F /* Release */,
			);
			defaultConfigurationIsVisible = 0;
			defaultConfigurationName = Debug;
		};
		C26EA45A8E2123F09B48E91D /* Build configuration list for PBXProject "ClipBoard" */ = {
			isa = XCConfigurationList;
			buildConfigurations = (
				B0272DE7EEE220E16271E453 /* Debug */,
				04C006992AAA4955678CB866 /* Release */,
			);
			defaultConfigurationIsVisible = 0;
			defaultConfigurationName = Debug;
		};
/* End XCConfigurationList section */

/* Begin XCRemoteSwiftPackageReference section */
		43FAF849FAEBAB734F013DEB /* XCRemoteSwiftPackageReference "HotKey" */ = {
			isa = XCRemoteSwiftPackageReference;
			repositoryURL = "https://github.com/soffes/HotKey";
			requirement = {
				kind = upToNextMajorVersion;
				minimumVersion = 0.2.1;
			};
		};
/* End XCRemoteSwiftPackageReference section */

/* Begin XCSwiftPackageProductDependency section */
		7621AA632C087A25E048D76E /* HotKey */ = {
			isa = XCSwiftPackageProductDependency;
			package = 43FAF849FAEBAB734F013DEB /* XCRemoteSwiftPackageReference "HotKey" */;
			productName = HotKey;
		};
/* End XCSwiftPackageProductDependency section */
	};
	rootObject = 76E6F5310CE08BF7CAC2D07F /* Project object */;
}
